
Microsoft Visual Studio Solution File, Format Version 12.00
# Visual Studio Version 17
VisualStudioVersion = 17.6.33723.286
MinimumVisualStudioVersion = 10.0.40219.1
Project("{FAE04EC0-301F-11D3-BF4B-00C04F79EFBC}") = "HelloWorldConsole", "HelloWorldConsole\HelloWorldConsole.csproj", "{55580A45-8429-4A12-B237-7D029536996C}"
EndProject
Project("{FAE04EC0-301F-11D3-BF4B-00C04F79EFBC}") = "ParameterInvestigation", "ParameterInvestigation\ParameterInvestigation.csproj", "{9D9A2DAE-FBD6-4D14-8A45-BC3279AE6457}"
EndProject
Project("{FAE04EC0-301F-11D3-BF4B-00C04F79EFBC}") = "GeneralCSharpInvestigation", "GeneralCSharpInvestigation\GeneralCSharpInvestigation.csproj", "{C42CF321-A8CE-405F-8E90-14ED2FAD6F75}"
EndProject
Project("{FAE04EC0-301F-11D3-BF4B-00C04F79EFBC}") = "ExceptionInvestigation", "ExceptionInvestigation\ExceptionInvestigation.csproj", "{5B34A54F-D594-4FBF-AC40-C7758C6C4407}"
EndProject
Project("{FAE04EC0-301F-11D3-BF4B-00C04F79EFBC}") = "HelloWorldWebApp", "HelloWorldWebApp\HelloWorldWebApp.csproj", "{82ADF36C-E2DB-4E6E-89AE-8689DBD5B210}"
EndProject
Global
	GlobalSection(SolutionConfigurationPlatforms) = preSolution
		Debug|Any CPU = Debug|Any CPU
		Release|Any CPU = Release|Any CPU
	EndGlobalSection
	GlobalSection(ProjectConfigurationPlatforms) = postSolution
		{55580A45-8429-4A12-B237-7D029536996C}.Debug|Any CPU.ActiveCfg = Debug|Any CPU
		{55580A45-8429-4A12-B237-7D029536996C}.Debug|Any CPU.Build.0 = Debug|Any CPU
		{55580A45-8429-4A12-B237-7D029536996C}.Release|Any CPU.ActiveCfg = Release|Any CPU
		{55580A45-8429-4A12-B237-7D029536996C}.Release|Any CPU.Build.0 = Release|Any CPU
		{9D9A2DAE-FBD6-4D14-8A45-BC3279AE6457}.Debug|Any CPU.ActiveCfg = Debug|Any CPU
		{9D9A2DAE-FBD6-4D14-8A45-BC3279AE6457}.Debug|Any CPU.Build.0 = Debug|Any CPU
		{9D9A2DAE-FBD6-4D14-8A45-BC3279AE6457}.Release|Any CPU.ActiveCfg = Release|Any CPU
		{9D9A2DAE-FBD6-4D14-8A45-BC3279AE6457}.Release|Any CPU.Build.0 = Release|Any CPU
		{C42CF321-A8CE-405F-8E90-14ED2FAD6F75}.Debug|Any CPU.ActiveCfg = Debug|Any CPU
		{C42CF321-A8CE-405F-8E90-14ED2FAD6F75}.Debug|Any CPU.Build.0 = Debug|Any CPU
		{C42CF321-A8CE-405F-8E90-14ED2FAD6F75}.Release|Any CPU.ActiveCfg = Release|Any CPU
		{C42CF321-A8CE-405F-8E90-14ED2FAD6F75}.Release|Any CPU.Build.0 = Release|Any CPU
		{5B34A54F-D594-4FBF-AC40-C7758C6C4407}.Debug|Any CPU.ActiveCfg = Debug|Any CPU
		{5B34A54F-D594-4FBF-AC40-C7758C6C4407}.Debug|Any CPU.Build.0 = Debug|Any CPU
		{5B34A54F-D594-4FBF-AC40-C7758C6C4407}.Release|Any CPU.ActiveCfg = Release|Any CPU
		{5B34A54F-D594-4FBF-AC40-C7758C6C4407}.Release|Any CPU.Build.0 = Release|Any CPU
		{82ADF36C-E2DB-4E6E-89AE-8689DBD5B210}.Debug|Any CPU.ActiveCfg = Debug|Any CPU
		{82ADF36C-E2DB-4E6E-89AE-8689DBD5B210}.Debug|Any CPU.Build.0 = Debug|Any CPU
		{82ADF36C-E2DB-4E6E-89AE-8689DBD5B210}.Release|Any CPU.ActiveCfg = Release|Any CPU
		{82ADF36C-E2DB-4E6E-89AE-8689DBD5B210}.Release|Any CPU.Build.0 = Release|Any CPU
	EndGlobalSection
	GlobalSection(SolutionProperties) = preSolution
		HideSolutionNode = FALSE
	EndGlobalSection
	GlobalSection(ExtensibilityGlobals) = postSolution
		SolutionGuid = {5A138FE9-90E0-49EF-AB0A-C13DAD8DA363}
	EndGlobalSection
EndGlobal
